{"1.1.0",
[{<<"goldrush">>,{pkg,<<"goldrush">>,<<"0.1.9">>},1},
 {<<"ibrowse">>,
  {git,"https://github.com/cmullaparthi/ibrowse.git",
       {ref,"c97136cfb61fcc6f39d4e7da47372a64f7fca04e"}},
  1},
 {<<"lager">>,
  {git,"git://github.com/erlang-lager/lager.git",
       {ref,"91575d4479c897451edf138c10fa86c3125ec52e"}},
  0},
 {<<"opscoderl_httpc">>,
  {git,"git://github.com/chef/opscoderl_httpc.git",
       {ref,"58efd00f9e21f119890a3b105089878140ecd6fe"}},
  0},
 {<<"pooler">>,
  {git,"git://github.com/chef/pooler.git",
       {ref,"681c355abaacc5487ddf41a84b9ed53151a765fe"}},
  0}]}.
[
{pkg_hash,[
 {<<"goldrush">>, <<"F06E5D5F1277DA5C413E84D5A2924174182FB108DABB39D5EC548B27424CD106">>}]}
].
